
Microsoft Visual Studio Solution File, Format Version 12.00
# Visual Studio Version 17
VisualStudioVersion = 17.11.35312.102
MinimumVisualStudioVersion = 10.0.40219.1
Project("{FAE04EC0-301F-11D3-BF4B-00C04F79EFBC}") = "E-Commerce", "E-Commerce\E-Commerce.csproj", "{1DF9FF07-ED27-45BB-AE91-CA7BD8736684}"
EndProject
Global
	GlobalSection(SolutionConfigurationPlatforms) = preSolution
		Debug|Any CPU = Debug|Any CPU
		Release|Any CPU = Release|Any CPU
	EndGlobalSection
	GlobalSection(ProjectConfigurationPlatforms) = postSolution
		{1DF9FF07-ED27-45BB-AE91-CA7BD8736684}.Debug|Any CPU.ActiveCfg = Debug|Any CPU
		{1DF9FF07-ED27-45BB-AE91-CA7BD8736684}.Debug|Any CPU.Build.0 = Debug|Any CPU
		{1DF9FF07-ED27-45BB-AE91-CA7BD8736684}.Release|Any CPU.ActiveCfg = Release|Any CPU
		{1DF9FF07-ED27-45BB-AE91-CA7BD8736684}.Release|Any CPU.Build.0 = Release|Any CPU
	EndGlobalSection
	GlobalSection(SolutionProperties) = preSolution
		HideSolutionNode = FALSE
	EndGlobalSection
	GlobalSection(ExtensibilityGlobals) = postSolution
		SolutionGuid = {BD240AC0-D757-457C-A212-00967CD3E8F7}
	EndGlobalSection
EndGlobal
